
Microsoft Visual Studio Solution File, Format Version 12.00
# Visual Studio Version 17
VisualStudioVersion = 17.11.35327.3
MinimumVisualStudioVersion = 10.0.40219.1
Project("{8BC9CEB8-8B4A-11D0-8D11-00A0C91BC942}") = "opencv1", "opencv1\opencv1.vcxproj", "{E31AFA80-3D8F-4243-8948-E0A4075A8C16}"
EndProject
Global
	GlobalSection(SolutionConfigurationPlatforms) = preSolution
		Debug|x64 = Debug|x64
		Debug|x86 = Debug|x86
		Release|x64 = Release|x64
		Release|x86 = Release|x86
	EndGlobalSection
	GlobalSection(ProjectConfigurationPlatforms) = postSolution
		{E31AFA80-3D8F-4243-8948-E0A4075A8C16}.Debug|x64.ActiveCfg = Debug|x64
		{E31AFA80-3D8F-4243-8948-E0A4075A8C16}.Debug|x64.Build.0 = Debug|x64
		{E31AFA80-3D8F-4243-8948-E0A4075A8C16}.Debug|x86.ActiveCfg = Debug|Win32
		{E31AFA80-3D8F-4243-8948-E0A4075A8C16}.Debug|x86.Build.0 = Debug|Win32
		{E31AFA80-3D8F-4243-8948-E0A4075A8C16}.Release|x64.ActiveCfg = Release|x64
		{E31AFA80-3D8F-4243-8948-E0A4075A8C16}.Release|x64.Build.0 = Release|x64
		{E31AFA80-3D8F-4243-8948-E0A4075A8C16}.Release|x86.ActiveCfg = Release|Win32
		{E31AFA80-3D8F-4243-8948-E0A4075A8C16}.Release|x86.Build.0 = Release|Win32
	EndGlobalSection
	GlobalSection(SolutionProperties) = preSolution
		HideSolutionNode = FALSE
	EndGlobalSection
	GlobalSection(ExtensibilityGlobals) = postSolution
		SolutionGuid = {168C503E-BD56-4FBD-A0FE-C5C9EB653F7F}
	EndGlobalSection
EndGlobal
